
Microsoft Visual Studio Solution File, Format Version 12.00
# Visual Studio Version 17
VisualStudioVersion = 17.5.33530.505
MinimumVisualStudioVersion = 10.0.40219.1
Project("{FAE04EC0-301F-11D3-BF4B-00C04F79EFBC}") = "TreeAPI", "TreeAPI\TreeAPI.csproj", "{E46E4F01-489B-4D0E-8A38-46463CCB8286}"
EndProject
Project("{FAE04EC0-301F-11D3-BF4B-00C04F79EFBC}") = "DataAccess", "DataAccess\DataAccess.csproj", "{D1A7834F-6513-4822-B674-44CF96B57E1C}"
EndProject
Global
	GlobalSection(SolutionConfigurationPlatforms) = preSolution
		Debug|Any CPU = Debug|Any CPU
		Release|Any CPU = Release|Any CPU
	EndGlobalSection
	GlobalSection(ProjectConfigurationPlatforms) = postSolution
		{E46E4F01-489B-4D0E-8A38-46463CCB8286}.Debug|Any CPU.ActiveCfg = Debug|Any CPU
		{E46E4F01-489B-4D0E-8A38-46463CCB8286}.Debug|Any CPU.Build.0 = Debug|Any CPU
		{E46E4F01-489B-4D0E-8A38-46463CCB8286}.Release|Any CPU.ActiveCfg = Release|Any CPU
		{E46E4F01-489B-4D0E-8A38-46463CCB8286}.Release|Any CPU.Build.0 = Release|Any CPU
		{D1A7834F-6513-4822-B674-44CF96B57E1C}.Debug|Any CPU.ActiveCfg = Debug|Any CPU
		{D1A7834F-6513-4822-B674-44CF96B57E1C}.Debug|Any CPU.Build.0 = Debug|Any CPU
		{D1A7834F-6513-4822-B674-44CF96B57E1C}.Release|Any CPU.ActiveCfg = Release|Any CPU
		{D1A7834F-6513-4822-B674-44CF96B57E1C}.Release|Any CPU.Build.0 = Release|Any CPU
	EndGlobalSection
	GlobalSection(SolutionProperties) = preSolution
		HideSolutionNode = FALSE
	EndGlobalSection
	GlobalSection(ExtensibilityGlobals) = postSolution
		SolutionGuid = {534998E8-94B3-4B2E-AAE4-B20F2605A0DE}
	EndGlobalSection
EndGlobal
